
Microsoft Visual Studio Solution File, Format Version 12.00
# Visual Studio Version 16
VisualStudioVersion = 16.0.29613.14
MinimumVisualStudioVersion = 10.0.40219.1
Project("{FAE04EC0-301F-11D3-BF4B-00C04F79EFBC}") = "XamarinUno.UWP", "XamarinUno.UWP\XamarinUno.UWP.csproj", "{96BAD632-1B6E-45E6-89B7-38DC451FEB84}"
EndProject
Project("{FAE04EC0-301F-11D3-BF4B-00C04F79EFBC}") = "XamarinUno.Android", "XamarinUno.Android\XamarinUno.Android.csproj", "{0ED90F00-AECD-4A68-B9E2-E63DBB180BB7}"
EndProject
Project("{FAE04EC0-301F-11D3-BF4B-00C04F79EFBC}") = "XamarinUno.iOS", "XamarinUno.iOS\XamarinUno.iOS.csproj", "{E15616B6-6C02-40BC-81AE-05C3C5F0E8F6}"
EndProject
Project("{FAE04EC0-301F-11D3-BF4B-00C04F79EFBC}") = "XamarinUno", "XamarinUno\XamarinUno.csproj", "{90AA1A79-B1F3-4FA2-B307-397011CABC54}"
EndProject
Project("{FAE04EC0-301F-11D3-BF4B-00C04F79EFBC}") = "XamarinUno.Wasm", "XamarinUno.Wasm\XamarinUno.Wasm.csproj", "{D1855F77-1154-4822-8D79-9B029E28099E}"
EndProject
Project("{D954291E-2A0B-460D-934E-DC6B0785DB48}") = "XamarinUno.Shared", "XamarinUno.Shared\XamarinUno.Shared.shproj", "{0A20470A-A456-4A9E-A568-2B833C93592A}"
EndProject
Global
	GlobalSection(SolutionConfigurationPlatforms) = preSolution
		Debug|Any CPU = Debug|Any CPU
		Debug|ARM = Debug|ARM
		Debug|iPhone = Debug|iPhone
		Debug|iPhoneSimulator = Debug|iPhoneSimulator
		Debug|x64 = Debug|x64
		Debug|x86 = Debug|x86
		Release|Any CPU = Release|Any CPU
		Release|ARM = Release|ARM
		Release|iPhone = Release|iPhone
		Release|iPhoneSimulator = Release|iPhoneSimulator
		Release|x64 = Release|x64
		Release|x86 = Release|x86
	EndGlobalSection
	GlobalSection(ProjectConfigurationPlatforms) = postSolution
		{96BAD632-1B6E-45E6-89B7-38DC451FEB84}.Debug|Any CPU.ActiveCfg = Debug|x86
		{96BAD632-1B6E-45E6-89B7-38DC451FEB84}.Debug|Any CPU.Build.0 = Debug|x86
		{96BAD632-1B6E-45E6-89B7-38DC451FEB84}.Debug|Any CPU.Deploy.0 = Debug|x86
		{96BAD632-1B6E-45E6-89B7-38DC451FEB84}.Debug|ARM.ActiveCfg = Debug|ARM
		{96BAD632-1B6E-45E6-89B7-38DC451FEB84}.Debug|ARM.Build.0 = Debug|ARM
		{96BAD632-1B6E-45E6-89B7-38DC451FEB84}.Debug|ARM.Deploy.0 = Debug|ARM
		{96BAD632-1B6E-45E6-89B7-38DC451FEB84}.Debug|iPhone.ActiveCfg = Debug|x86
		{96BAD632-1B6E-45E6-89B7-38DC451FEB84}.Debug|iPhone.Build.0 = Debug|x86
		{96BAD632-1B6E-45E6-89B7-38DC451FEB84}.Debug|iPhone.Deploy.0 = Debug|x86
		{96BAD632-1B6E-45E6-89B7-38DC451FEB84}.Debug|iPhoneSimulator.ActiveCfg = Debug|x86
		{96BAD632-1B6E-45E6-89B7-38DC451FEB84}.Debug|iPhoneSimulator.Build.0 = Debug|x86
		{96BAD632-1B6E-45E6-89B7-38DC451FEB84}.Debug|iPhoneSimulator.Deploy.0 = Debug|x86
		{96BAD632-1B6E-45E6-89B7-38DC451FEB84}.Debug|x64.ActiveCfg = Debug|x64
		{96BAD632-1B6E-45E6-89B7-38DC451FEB84}.Debug|x64.Build.0 = Debug|x64
		{96BAD632-1B6E-45E6-89B7-38DC451FEB84}.Debug|x64.Deploy.0 = Debug|x64
		{96BAD632-1B6E-45E6-89B7-38DC451FEB84}.Debug|x86.ActiveCfg = Debug|x86
		{96BAD632-1B6E-45E6-89B7-38DC451FEB84}.Debug|x86.Build.0 = Debug|x86
		{96BAD632-1B6E-45E6-89B7-38DC451FEB84}.Debug|x86.Deploy.0 = Debug|x86
		{96BAD632-1B6E-45E6-89B7-38DC451FEB84}.Release|Any CPU.ActiveCfg = Release|x86
		{96BAD632-1B6E-45E6-89B7-38DC451FEB84}.Release|Any CPU.Build.0 = Release|x86
		{96BAD632-1B6E-45E6-89B7-38DC451FEB84}.Release|Any CPU.Deploy.0 = Release|x86
		{96BAD632-1B6E-45E6-89B7-38DC451FEB84}.Release|ARM.ActiveCfg = Release|ARM
		{96BAD632-1B6E-45E6-89B7-38DC451FEB84}.Release|ARM.Build.0 = Release|ARM
		{96BAD632-1B6E-45E6-89B7-38DC451FEB84}.Release|ARM.Deploy.0 = Release|ARM
		{96BAD632-1B6E-45E6-89B7-38DC451FEB84}.Release|iPhone.ActiveCfg = Release|x86
		{96BAD632-1B6E-45E6-89B7-38DC451FEB84}.Release|iPhone.Build.0 = Release|x86
		{96BAD632-1B6E-45E6-89B7-38DC451FEB84}.Release|iPhone.Deploy.0 = Release|x86
		{96BAD632-1B6E-45E6-89B7-38DC451FEB84}.Release|iPhoneSimulator.ActiveCfg = Release|x86
		{96BAD632-1B6E-45E6-89B7-38DC451FEB84}.Release|iPhoneSimulator.Build.0 = Release|x86
		{96BAD632-1B6E-45E6-89B7-38DC451FEB84}.Release|iPhoneSimulator.Deploy.0 = Release|x86
		{96BAD632-1B6E-45E6-89B7-38DC451FEB84}.Release|x64.ActiveCfg = Release|x64
		{96BAD632-1B6E-45E6-89B7-38DC451FEB84}.Release|x64.Build.0 = Release|x64
		{96BAD632-1B6E-45E6-89B7-38DC451FEB84}.Release|x64.Deploy.0 = Release|x64
		{96BAD632-1B6E-45E6-89B7-38DC451FEB84}.Release|x86.ActiveCfg = Release|x86
		{96BAD632-1B6E-45E6-89B7-38DC451FEB84}.Release|x86.Build.0 = Release|x86
		{96BAD632-1B6E-45E6-89B7-38DC451FEB84}.Release|x86.Deploy.0 = Release|x86
		{0ED90F00-AECD-4A68-B9E2-E63DBB180BB7}.Debug|Any CPU.ActiveCfg = Debug|Any CPU
		{0ED90F00-AECD-4A68-B9E2-E63DBB180BB7}.Debug|Any CPU.Build.0 = Debug|Any CPU
		{0ED90F00-AECD-4A68-B9E2-E63DBB180BB7}.Debug|Any CPU.Deploy.0 = Debug|Any CPU
		{0ED90F00-AECD-4A68-B9E2-E63DBB180BB7}.Debug|ARM.ActiveCfg = Debug|Any CPU
		{0ED90F00-AECD-4A68-B9E2-E63DBB180BB7}.Debug|ARM.Build.0 = Debug|Any CPU
		{0ED90F00-AECD-4A68-B9E2-E63DBB180BB7}.Debug|ARM.Deploy.0 = Debug|Any CPU
		{0ED90F00-AECD-4A68-B9E2-E63DBB180BB7}.Debug|iPhone.ActiveCfg = Debug|Any CPU
		{0ED90F00-AECD-4A68-B9E2-E63DBB180BB7}.Debug|iPhone.Build.0 = Debug|Any CPU
		{0ED90F00-AECD-4A68-B9E2-E63DBB180BB7}.Debug|iPhone.Deploy.0 = Debug|Any CPU
		{0ED90F00-AECD-4A68-B9E2-E63DBB180BB7}.Debug|iPhoneSimulator.ActiveCfg = Debug|Any CPU
		{0ED90F00-AECD-4A68-B9E2-E63DBB180BB7}.Debug|iPhoneSimulator.Build.0 = Debug|Any CPU
		{0ED90F00-AECD-4A68-B9E2-E63DBB180BB7}.Debug|iPhoneSimulator.Deploy.0 = Debug|Any CPU
		{0ED90F00-AECD-4A68-B9E2-E63DBB180BB7}.Debug|x64.ActiveCfg = Debug|Any CPU
		{0ED90F00-AECD-4A68-B9E2-E63DBB180BB7}.Debug|x64.Build.0 = Debug|Any CPU
		{0ED90F00-AECD-4A68-B9E2-E63DBB180BB7}.Debug|x64.Deploy.0 = Debug|Any CPU
		{0ED90F00-AECD-4A68-B9E2-E63DBB180BB7}.Debug|x86.ActiveCfg = Debug|Any CPU
		{0ED90F00-AECD-4A68-B9E2-E63DBB180BB7}.Debug|x86.Build.0 = Debug|Any CPU
		{0ED90F00-AECD-4A68-B9E2-E63DBB180BB7}.Debug|x86.Deploy.0 = Debug|Any CPU
		{0ED90F00-AECD-4A68-B9E2-E63DBB180BB7}.Release|Any CPU.ActiveCfg = Release|Any CPU
		{0ED90F00-AECD-4A68-B9E2-E63DBB180BB7}.Release|Any CPU.Build.0 = Release|Any CPU
		{0ED90F00-AECD-4A68-B9E2-E63DBB180BB7}.Release|Any CPU.Deploy.0 = Release|Any CPU
		{0ED90F00-AECD-4A68-B9E2-E63DBB180BB7}.Release|ARM.ActiveCfg = Release|Any CPU
		{0ED90F00-AECD-4A68-B9E2-E63DBB180BB7}.Release|ARM.Build.0 = Release|Any CPU
		{0ED90F00-AECD-4A68-B9E2-E63DBB180BB7}.Release|ARM.Deploy.0 = Release|Any CPU
		{0ED90F00-AECD-4A68-B9E2-E63DBB180BB7}.Release|iPhone.ActiveCfg = Release|Any CPU
		{0ED90F00-AECD-4A68-B9E2-E63DBB180BB7}.Release|iPhone.Build.0 = Release|Any CPU
		{0ED90F00-AECD-4A68-B9E2-E63DBB180BB7}.Release|iPhone.Deploy.0 = Release|Any CPU
		{0ED90F00-AECD-4A68-B9E2-E63DBB180BB7}.Release|iPhoneSimulator.ActiveCfg = Release|Any CPU
		{0ED90F00-AECD-4A68-B9E2-E63DBB180BB7}.Release|iPhoneSimulator.Build.0 = Release|Any CPU
		{0ED90F00-AECD-4A68-B9E2-E63DBB180BB7}.Release|iPhoneSimulator.Deploy.0 = Release|Any CPU
		{0ED90F00-AECD-4A68-B9E2-E63DBB180BB7}.Release|x64.ActiveCfg = Release|Any CPU
		{0ED90F00-AECD-4A68-B9E2-E63DBB180BB7}.Release|x64.Build.0 = Release|Any CPU
		{0ED90F00-AECD-4A68-B9E2-E63DBB180BB7}.Release|x64.Deploy.0 = Release|Any CPU
		{0ED90F00-AECD-4A68-B9E2-E63DBB180BB7}.Release|x86.ActiveCfg = Release|Any CPU
		{0ED90F00-AECD-4A68-B9E2-E63DBB180BB7}.Release|x86.Build.0 = Release|Any CPU
		{0ED90F00-AECD-4A68-B9E2-E63DBB180BB7}.Release|x86.Deploy.0 = Release|Any CPU
		{E15616B6-6C02-40BC-81AE-05C3C5F0E8F6}.Debug|Any CPU.ActiveCfg = Debug|iPhone
		{E15616B6-6C02-40BC-81AE-05C3C5F0E8F6}.Debug|Any CPU.Build.0 = Debug|iPhone
		{E15616B6-6C02-40BC-81AE-05C3C5F0E8F6}.Debug|Any CPU.Deploy.0 = Debug|iPhone
		{E15616B6-6C02-40BC-81AE-05C3C5F0E8F6}.Debug|ARM.ActiveCfg = Debug|iPhoneSimulator
		{E15616B6-6C02-40BC-81AE-05C3C5F0E8F6}.Debug|ARM.Build.0 = Debug|iPhoneSimulator
		{E15616B6-6C02-40BC-81AE-05C3C5F0E8F6}.Debug|ARM.Deploy.0 = Debug|iPhoneSimulator
		{E15616B6-6C02-40BC-81AE-05C3C5F0E8F6}.Debug|iPhone.ActiveCfg = Debug|iPhone
		{E15616B6-6C02-40BC-81AE-05C3C5F0E8F6}.Debug|iPhone.Build.0 = Debug|iPhone
		{E15616B6-6C02-40BC-81AE-05C3C5F0E8F6}.Debug|iPhone.Deploy.0 = Debug|iPhone
		{E15616B6-6C02-40BC-81AE-05C3C5F0E8F6}.Debug|iPhoneSimulator.ActiveCfg = Debug|iPhoneSimulator
		{E15616B6-6C02-40BC-81AE-05C3C5F0E8F6}.Debug|iPhoneSimulator.Build.0 = Debug|iPhoneSimulator
		{E15616B6-6C02-40BC-81AE-05C3C5F0E8F6}.Debug|iPhoneSimulator.Deploy.0 = Debug|iPhoneSimulator
		{E15616B6-6C02-40BC-81AE-05C3C5F0E8F6}.Debug|x64.ActiveCfg = Debug|iPhone
		{E15616B6-6C02-40BC-81AE-05C3C5F0E8F6}.Debug|x64.Build.0 = Debug|iPhone
		{E15616B6-6C02-40BC-81AE-05C3C5F0E8F6}.Debug|x64.Deploy.0 = Debug|iPhone
		{E15616B6-6C02-40BC-81AE-05C3C5F0E8F6}.Debug|x86.ActiveCfg = Debug|iPhone
		{E15616B6-6C02-40BC-81AE-05C3C5F0E8F6}.Debug|x86.Build.0 = Debug|iPhone
		{E15616B6-6C02-40BC-81AE-05C3C5F0E8F6}.Debug|x86.Deploy.0 = Debug|iPhone
		{E15616B6-6C02-40BC-81AE-05C3C5F0E8F6}.Release|Any CPU.ActiveCfg = Release|iPhone
		{E15616B6-6C02-40BC-81AE-05C3C5F0E8F6}.Release|Any CPU.Build.0 = Release|iPhone
		{E15616B6-6C02-40BC-81AE-05C3C5F0E8F6}.Release|Any CPU.Deploy.0 = Release|iPhone
		{E15616B6-6C02-40BC-81AE-05C3C5F0E8F6}.Release|ARM.ActiveCfg = Release|iPhone
		{E15616B6-6C02-40BC-81AE-05C3C5F0E8F6}.Release|ARM.Build.0 = Release|iPhone
		{E15616B6-6C02-40BC-81AE-05C3C5F0E8F6}.Release|ARM.Deploy.0 = Release|iPhone
		{E15616B6-6C02-40BC-81AE-05C3C5F0E8F6}.Release|iPhone.ActiveCfg = Release|iPhone
		{E15616B6-6C02-40BC-81AE-05C3C5F0E8F6}.Release|iPhone.Build.0 = Release|iPhone
		{E15616B6-6C02-40BC-81AE-05C3C5F0E8F6}.Release|iPhone.Deploy.0 = Release|iPhone
		{E15616B6-6C02-40BC-81AE-05C3C5F0E8F6}.Release|iPhoneSimulator.ActiveCfg = Release|iPhoneSimulator
		{E15616B6-6C02-40BC-81AE-05C3C5F0E8F6}.Release|iPhoneSimulator.Build.0 = Release|iPhoneSimulator
		{E15616B6-6C02-40BC-81AE-05C3C5F0E8F6}.Release|iPhoneSimulator.Deploy.0 = Release|iPhoneSimulator
		{E15616B6-6C02-40BC-81AE-05C3C5F0E8F6}.Release|x64.ActiveCfg = Release|iPhone
		{E15616B6-6C02-40BC-81AE-05C3C5F0E8F6}.Release|x64.Build.0 = Release|iPhone
		{E15616B6-6C02-40BC-81AE-05C3C5F0E8F6}.Release|x64.Deploy.0 = Release|iPhone
		{E15616B6-6C02-40BC-81AE-05C3C5F0E8F6}.Release|x86.ActiveCfg = Release|iPhone
		{E15616B6-6C02-40BC-81AE-05C3C5F0E8F6}.Release|x86.Build.0 = Release|iPhone
		{E15616B6-6C02-40BC-81AE-05C3C5F0E8F6}.Release|x86.Deploy.0 = Release|iPhone
		{90AA1A79-B1F3-4FA2-B307-397011CABC54}.Debug|Any CPU.ActiveCfg = Debug|Any CPU
		{90AA1A79-B1F3-4FA2-B307-397011CABC54}.Debug|Any CPU.Build.0 = Debug|Any CPU
		{90AA1A79-B1F3-4FA2-B307-397011CABC54}.Debug|Any CPU.Deploy.0 = Debug|Any CPU
		{90AA1A79-B1F3-4FA2-B307-397011CABC54}.Debug|ARM.ActiveCfg = Debug|Any CPU
		{90AA1A79-B1F3-4FA2-B307-397011CABC54}.Debug|ARM.Build.0 = Debug|Any CPU
		{90AA1A79-B1F3-4FA2-B307-397011CABC54}.Debug|ARM.Deploy.0 = Debug|Any CPU
		{90AA1A79-B1F3-4FA2-B307-397011CABC54}.Debug|iPhone.ActiveCfg = Debug|Any CPU
		{90AA1A79-B1F3-4FA2-B307-397011CABC54}.Debug|iPhone.Build.0 = Debug|Any CPU
		{90AA1A79-B1F3-4FA2-B307-397011CABC54}.Debug|iPhone.Deploy.0 = Debug|Any CPU
		{90AA1A79-B1F3-4FA2-B307-397011CABC54}.Debug|iPhoneSimulator.ActiveCfg = Debug|Any CPU
		{90AA1A79-B1F3-4FA2-B307-397011CABC54}.Debug|iPhoneSimulator.Build.0 = Debug|Any CPU
		{90AA1A79-B1F3-4FA2-B307-397011CABC54}.Debug|iPhoneSimulator.Deploy.0 = Debug|Any CPU
		{90AA1A79-B1F3-4FA2-B307-397011CABC54}.Debug|x64.ActiveCfg = Debug|Any CPU
		{90AA1A79-B1F3-4FA2-B307-397011CABC54}.Debug|x64.Build.0 = Debug|Any CPU
		{90AA1A79-B1F3-4FA2-B307-397011CABC54}.Debug|x64.Deploy.0 = Debug|Any CPU
		{90AA1A79-B1F3-4FA2-B307-397011CABC54}.Debug|x86.ActiveCfg = Debug|Any CPU
		{90AA1A79-B1F3-4FA2-B307-397011CABC54}.Debug|x86.Build.0 = Debug|Any CPU
		{90AA1A79-B1F3-4FA2-B307-397011CABC54}.Debug|x86.Deploy.0 = Debug|Any CPU
		{90AA1A79-B1F3-4FA2-B307-397011CABC54}.Release|Any CPU.ActiveCfg = Release|Any CPU
		{90AA1A79-B1F3-4FA2-B307-397011CABC54}.Release|Any CPU.Build.0 = Release|Any CPU
		{90AA1A79-B1F3-4FA2-B307-397011CABC54}.Release|Any CPU.Deploy.0 = Release|Any CPU
		{90AA1A79-B1F3-4FA2-B307-397011CABC54}.Release|ARM.ActiveCfg = Release|Any CPU
		{90AA1A79-B1F3-4FA2-B307-397011CABC54}.Release|ARM.Build.0 = Release|Any CPU
		{90AA1A79-B1F3-4FA2-B307-397011CABC54}.Release|ARM.Deploy.0 = Release|Any CPU
		{90AA1A79-B1F3-4FA2-B307-397011CABC54}.Release|iPhone.ActiveCfg = Release|Any CPU
		{90AA1A79-B1F3-4FA2-B307-397011CABC54}.Release|iPhone.Build.0 = Release|Any CPU
		{90AA1A79-B1F3-4FA2-B307-397011CABC54}.Release|iPhone.Deploy.0 = Release|Any CPU
		{90AA1A79-B1F3-4FA2-B307-397011CABC54}.Release|iPhoneSimulator.ActiveCfg = Release|Any CPU
		{90AA1A79-B1F3-4FA2-B307-397011CABC54}.Release|iPhoneSimulator.Build.0 = Release|Any CPU
		{90AA1A79-B1F3-4FA2-B307-397011CABC54}.Release|iPhoneSimulator.Deploy.0 = Release|Any CPU
		{90AA1A79-B1F3-4FA2-B307-397011CABC54}.Release|x64.ActiveCfg = Release|Any CPU
		{90AA1A79-B1F3-4FA2-B307-397011CABC54}.Release|x64.Build.0 = Release|Any CPU
		{90AA1A79-B1F3-4FA2-B307-397011CABC54}.Release|x64.Deploy.0 = Release|Any CPU
		{90AA1A79-B1F3-4FA2-B307-397011CABC54}.Release|x86.ActiveCfg = Release|Any CPU
		{90AA1A79-B1F3-4FA2-B307-397011CABC54}.Release|x86.Build.0 = Release|Any CPU
		{90AA1A79-B1F3-4FA2-B307-397011CABC54}.Release|x86.Deploy.0 = Release|Any CPU
		{D1855F77-1154-4822-8D79-9B029E28099E}.Debug|Any CPU.ActiveCfg = Debug|Any CPU
		{D1855F77-1154-4822-8D79-9B029E28099E}.Debug|Any CPU.Build.0 = Debug|Any CPU
		{D1855F77-1154-4822-8D79-9B029E28099E}.Debug|ARM.ActiveCfg = Debug|Any CPU
		{D1855F77-1154-4822-8D79-9B029E28099E}.Debug|ARM.Build.0 = Debug|Any CPU
		{D1855F77-1154-4822-8D79-9B029E28099E}.Debug|iPhone.ActiveCfg = Debug|Any CPU
		{D1855F77-1154-4822-8D79-9B029E28099E}.Debug|iPhone.Build.0 = Debug|Any CPU
		{D1855F77-1154-4822-8D79-9B029E28099E}.Debug|iPhoneSimulator.ActiveCfg = Debug|Any CPU
		{D1855F77-1154-4822-8D79-9B029E28099E}.Debug|iPhoneSimulator.Build.0 = Debug|Any CPU
		{D1855F77-1154-4822-8D79-9B029E28099E}.Debug|x64.ActiveCfg = Debug|Any CPU
		{D1855F77-1154-4822-8D79-9B029E28099E}.Debug|x64.Build.0 = Debug|Any CPU
		{D1855F77-1154-4822-8D79-9B029E28099E}.Debug|x86.ActiveCfg = Debug|Any CPU
		{D1855F77-1154-4822-8D79-9B029E28099E}.Debug|x86.Build.0 = Debug|Any CPU
		{D1855F77-1154-4822-8D79-9B029E28099E}.Release|Any CPU.ActiveCfg = Release|Any CPU
		{D1855F77-1154-4822-8D79-9B029E28099E}.Release|Any CPU.Build.0 = Release|Any CPU
		{D1855F77-1154-4822-8D79-9B029E28099E}.Release|ARM.ActiveCfg = Release|Any CPU
		{D1855F77-1154-4822-8D79-9B029E28099E}.Release|ARM.Build.0 = Release|Any CPU
		{D1855F77-1154-4822-8D79-9B029E28099E}.Release|iPhone.ActiveCfg = Release|Any CPU
		{D1855F77-1154-4822-8D79-9B029E28099E}.Release|iPhone.Build.0 = Release|Any CPU
		{D1855F77-1154-4822-8D79-9B029E28099E}.Release|iPhoneSimulator.ActiveCfg = Release|Any CPU
		{D1855F77-1154-4822-8D79-9B029E28099E}.Release|iPhoneSimulator.Build.0 = Release|Any CPU
		{D1855F77-1154-4822-8D79-9B029E28099E}.Release|x64.ActiveCfg = Release|Any CPU
		{D1855F77-1154-4822-8D79-9B029E28099E}.Release|x64.Build.0 = Release|Any CPU
		{D1855F77-1154-4822-8D79-9B029E28099E}.Release|x86.ActiveCfg = Release|Any CPU
		{D1855F77-1154-4822-8D79-9B029E28099E}.Release|x86.Build.0 = Release|Any CPU
	EndGlobalSection
	GlobalSection(SolutionProperties) = preSolution
		HideSolutionNode = FALSE
	EndGlobalSection
	GlobalSection(ExtensibilityGlobals) = postSolution
		SolutionGuid = {7B077BC2-9408-4309-B867-340B8145B559}
	EndGlobalSection
EndGlobal
